// !$*UTF8*$!
{
	archiveVersion = 1;
	classes = {
	};
	objectVersion = 48;
	objects = {

/* Begin PBXBuildFile section */
		1C1BE92D20AC581C00BAB17B /* TodoListItem.swift in Sources */ = {isa = PBXBuildFile; fileRef = 1C1BE92C20AC581C00BAB17B /* TodoListItem.swift */; };
		1C1BE92F20AC582600BAB17B /* Category.swift in Sources */ = {isa = PBXBuildFile; fileRef = 1C1BE92E20AC582600BAB17B /* Category.swift */; };
		1C3DF14320A432F5009F4B08 /* AppDelegate.swift in Sources */ = {isa = PBXBuildFile; fileRef = 1C3DF14220A432F5009F4B08 /* AppDelegate.swift */; };
		1C3DF14520A432F5009F4B08 /* TodoListViewController.swift in Sources */ = {isa = PBXBuildFile; fileRef = 1C3DF14420A432F5009F4B08 /* TodoListViewController.swift */; };
		1C3DF14820A432F5009F4B08 /* Main.storyboard in Resources */ = {isa = PBXBuildFile; fileRef = 1C3DF14620A432F5009F4B08 /* Main.storyboard */; };
		1C3DF14A20A432F5009F4B08 /* Assets.xcassets in Resources */ = {isa = PBXBuildFile; fileRef = 1C3DF14920A432F5009F4B08 /* Assets.xcassets */; };
		1C3DF14D20A432F5009F4B08 /* LaunchScreen.storyboard in Resources */ = {isa = PBXBuildFile; fileRef = 1C3DF14B20A432F5009F4B08 /* LaunchScreen.storyboard */; };
		1C85061820AAF63B00ACCDC1 /* CategoryViewController.swift in Sources */ = {isa = PBXBuildFile; fileRef = 1C85061720AAF63B00ACCDC1 /* CategoryViewController.swift */; };
		1CDF605520A58E270056AA4F /* Default-568h@2x.png in Resources */ = {isa = PBXBuildFile; fileRef = 1CDF605420A58E270056AA4F /* Default-568h@2x.png */; };
		1F81606CF9A51EFC3D622CDB /* Pods_Todoey.framework in Frameworks */ = {isa = PBXBuildFile; fileRef = 5515F938ABEC3BAA18C1CA35 /* Pods_Todoey.framework */; };
/* End PBXBuildFile section */

/* Begin PBXFileReference section */
		0DC7403B061D203D5A543FF8 /* Pods-Todoey.release.xcconfig */ = {isa = PBXFileReference; includeInIndex = 1; lastKnownFileType = text.xcconfig; name = "Pods-Todoey.release.xcconfig"; path = "Pods/Target Support Files/Pods-Todoey/Pods-Todoey.release.xcconfig"; sourceTree = "<group>"; };
		1C1BE92C20AC581C00BAB17B /* TodoListItem.swift */ = {isa = PBXFileReference; lastKnownFileType = sourcecode.swift; path = TodoListItem.swift; sourceTree = "<group>"; };
		1C1BE92E20AC582600BAB17B /* Category.swift */ = {isa = PBXFileReference; lastKnownFileType = sourcecode.swift; path = Category.swift; sourceTree = "<group>"; };
		1C3DF13F20A432F5009F4B08 /* Todoey.app */ = {isa = PBXFileReference; explicitFileType = wrapper.application; includeInIndex = 0; path = Todoey.app; sourceTree = BUILT_PRODUCTS_DIR; };
		1C3DF14220A432F5009F4B08 /* AppDelegate.swift */ = {isa = PBXFileReference; lastKnownFileType = sourcecode.swift; path = AppDelegate.swift; sourceTree = "<group>"; };
		1C3DF14420A432F5009F4B08 /* TodoListViewController.swift */ = {isa = PBXFileReference; lastKnownFileType = sourcecode.swift; path = TodoListViewController.swift; sourceTree = "<group>"; };
		1C3DF14720A432F5009F4B08 /* Base */ = {isa = PBXFileReference; lastKnownFileType = file.storyboard; name = Base; path = Base.lproj/Main.storyboard; sourceTree = "<group>"; };
		1C3DF14920A432F5009F4B08 /* Assets.xcassets */ = {isa = PBXFileReference; lastKnownFileType = folder.assetcatalog; path = Assets.xcassets; sourceTree = "<group>"; };
		1C3DF14C20A432F5009F4B08 /* Base */ = {isa = PBXFileReference; lastKnownFileType = file.storyboard; name = Base; path = Base.lproj/LaunchScreen.storyboard; sourceTree = "<group>"; };
		1C3DF14E20A432F5009F4B08 /* Info.plist */ = {isa = PBXFileReference; lastKnownFileType = text.plist.xml; path = Info.plist; sourceTree = "<group>"; };
		1C85061720AAF63B00ACCDC1 /* CategoryViewController.swift */ = {isa = PBXFileReference; lastKnownFileType = sourcecode.swift; path = CategoryViewController.swift; sourceTree = "<group>"; };
		1CDF605420A58E270056AA4F /* Default-568h@2x.png */ = {isa = PBXFileReference; lastKnownFileType = image.png; path = "Default-568h@2x.png"; sourceTree = "<group>"; };
		3C9EA9869A391DE43BFBCF82 /* Pods-Todoey.debug.xcconfig */ = {isa = PBXFileReference; includeInIndex = 1; lastKnownFileType = text.xcconfig; name = "Pods-Todoey.debug.xcconfig"; path = "Pods/Target Support Files/Pods-Todoey/Pods-Todoey.debug.xcconfig"; sourceTree = "<group>"; };
		5515F938ABEC3BAA18C1CA35 /* Pods_Todoey.framework */ = {isa = PBXFileReference; explicitFileType = wrapper.framework; includeInIndex = 0; path = Pods_Todoey.framework; sourceTree = BUILT_PRODUCTS_DIR; };
/* End PBXFileReference section */

/* Begin PBXFrameworksBuildPhase section */
		1C3DF13C20A432F5009F4B08 /* Frameworks */ = {
			isa = PBXFrameworksBuildPhase;
			buildActionMask = 2147483647;
			files = (
				1F81606CF9A51EFC3D622CDB /* Pods_Todoey.framework in Frameworks */,
			);
			runOnlyForDeploymentPostprocessing = 0;
		};
/* End PBXFrameworksBuildPhase section */

/* Begin PBXGroup section */
		1C3DF13620A432F5009F4B08 = {
			isa = PBXGroup;
			children = (
				1C3DF14120A432F5009F4B08 /* Todoey */,
				1C3DF14020A432F5009F4B08 /* Products */,
				7DDFD12DE0AE4B588E4792EC /* Pods */,
				B8F409B059688CDFAC0388DC /* Frameworks */,
			);
			sourceTree = "<group>";
		};
		1C3DF14020A432F5009F4B08 /* Products */ = {
			isa = PBXGroup;
			children = (
				1C3DF13F20A432F5009F4B08 /* Todoey.app */,
			);
			name = Products;
			sourceTree = "<group>";
		};
		1C3DF14120A432F5009F4B08 /* Todoey */ = {
			isa = PBXGroup;
			children = (
				1C3DF14220A432F5009F4B08 /* AppDelegate.swift */,
				1C3DF14E20A432F5009F4B08 /* Info.plist */,
				1CDF605120A58BC30056AA4F /* Controllers */,
				1CDF605020A58B900056AA4F /* Data Model */,
				1CDF605220A58BD40056AA4F /* Views */,
				1CDF605320A58BF60056AA4F /* Supporting Files */,
			);
			path = Todoey;
			sourceTree = "<group>";
		};
		1CDF605020A58B900056AA4F /* Data Model */ = {
			isa = PBXGroup;
			children = (
				1C1BE92E20AC582600BAB17B /* Category.swift */,
				1C1BE92C20AC581C00BAB17B /* TodoListItem.swift */,
			);
			path = "Data Model";
			sourceTree = "<group>";
		};
		1CDF605120A58BC30056AA4F /* Controllers */ = {
			isa = PBXGroup;
			children = (
				1C85061720AAF63B00ACCDC1 /* CategoryViewController.swift */,
				1C3DF14420A432F5009F4B08 /* TodoListViewController.swift */,
			);
			path = Controllers;
			sourceTree = "<group>";
		};
		1CDF605220A58BD40056AA4F /* Views */ = {
			isa = PBXGroup;
			children = (
				1C3DF14620A432F5009F4B08 /* Main.storyboard */,
			);
			path = Views;
			sourceTree = "<group>";
		};
		1CDF605320A58BF60056AA4F /* Supporting Files */ = {
			isa = PBXGroup;
			children = (
				1CDF605420A58E270056AA4F /* Default-568h@2x.png */,
				1C3DF14920A432F5009F4B08 /* Assets.xcassets */,
				1C3DF14B20A432F5009F4B08 /* LaunchScreen.storyboard */,
			);
			path = "Supporting Files";
			sourceTree = "<group>";
		};
		7DDFD12DE0AE4B588E4792EC /* Pods */ = {
			isa = PBXGroup;
			children = (
				3C9EA9869A391DE43BFBCF82 /* Pods-Todoey.debug.xcconfig */,
				0DC7403B061D203D5A543FF8 /* Pods-Todoey.release.xcconfig */,
			);
			name = Pods;
			sourceTree = "<group>";
		};
		B8F409B059688CDFAC0388DC /* Frameworks */ = {
			isa = PBXGroup;
			children = (
				5515F938ABEC3BAA18C1CA35 /* Pods_Todoey.framework */,
			);
			name = Frameworks;
			sourceTree = "<group>";
		};
/* End PBXGroup section */

/* Begin PBXNativeTarget section */
		1C3DF13E20A432F5009F4B08 /* Todoey */ = {
			isa = PBXNativeTarget;
			buildConfigurationList = 1C3DF15120A432F5009F4B08 /* Build configuration list for PBXNativeTarget "Todoey" */;
			buildPhases = (
				C96FBEDB2532C65E596EA7BF /* [CP] Check Pods Manifest.lock */,
				1C3DF13B20A432F5009F4B08 /* Sources */,
				1C3DF13C20A432F5009F4B08 /* Frameworks */,
				1C3DF13D20A432F5009F4B08 /* Resources */,
				93B16D680EF1ECF8B0BBA950 /* [CP] Embed Pods Frameworks */,
			);
			buildRules = (
			);
			dependencies = (
			);
			name = Todoey;
			productName = Todoey;
			productReference = 1C3DF13F20A432F5009F4B08 /* Todoey.app */;
			productType = "com.apple.product-type.application";
		};
/* End PBXNativeTarget section */

/* Begin PBXProject section */
		1C3DF13720A432F5009F4B08 /* Project object */ = {
			isa = PBXProject;
			attributes = {
				LastSwiftUpdateCheck = 0920;
				LastUpgradeCheck = 0920;
				ORGANIZATIONNAME = "Matej Taborsky";
				TargetAttributes = {
					1C3DF13E20A432F5009F4B08 = {
						CreatedOnToolsVersion = 9.2;
						ProvisioningStyle = Automatic;
					};
				};
			};
			buildConfigurationList = 1C3DF13A20A432F5009F4B08 /* Build configuration list for PBXProject "Todoey" */;
			compatibilityVersion = "Xcode 8.0";
			developmentRegion = en;
			hasScannedForEncodings = 0;
			knownRegions = (
				en,
				Base,
			);
			mainGroup = 1C3DF13620A432F5009F4B08;
			productRefGroup = 1C3DF14020A432F5009F4B08 /* Products */;
			projectDirPath = "";
			projectRoot = "";
			targets = (
				1C3DF13E20A432F5009F4B08 /* Todoey */,
			);
		};
/* End PBXProject section */

/* Begin PBXResourcesBuildPhase section */
		1C3DF13D20A432F5009F4B08 /* Resources */ = {
			isa = PBXResourcesBuildPhase;
			buildActionMask = 2147483647;
			files = (
				1C3DF14D20A432F5009F4B08 /* LaunchScreen.storyboard in Resources */,
				1CDF605520A58E270056AA4F /* Default-568h@2x.png in Resources */,
				1C3DF14A20A432F5009F4B08 /* Assets.xcassets in Resources */,
				1C3DF14820A432F5009F4B08 /* Main.storyboard in Resources */,
			);
			runOnlyForDeploymentPostprocessing = 0;
		};
/* End PBXResourcesBuildPhase section */

/* Begin PBXShellScriptBuildPhase section */
		93B16D680EF1ECF8B0BBA950 /* [CP] Embed Pods Frameworks */ = {
			isa = PBXShellScriptBuildPhase;
			buildActionMask = 2147483647;
			files = (
			);
			inputPaths = (
				"${SRCROOT}/Pods/Target Support Files/Pods-Todoey/Pods-Todoey-frameworks.sh",
				"${BUILT_PRODUCTS_DIR}/Realm/Realm.framework",
				"${BUILT_PRODUCTS_DIR}/RealmSwift/RealmSwift.framework",
			);
			name = "[CP] Embed Pods Frameworks";
			outputPaths = (
				"${TARGET_BUILD_DIR}/${FRAMEWORKS_FOLDER_PATH}/Realm.framework",
				"${TARGET_BUILD_DIR}/${FRAMEWORKS_FOLDER_PATH}/RealmSwift.framework",
			);
			runOnlyForDeploymentPostprocessing = 0;
			shellPath = /bin/sh;
			shellScript = "\"${SRCROOT}/Pods/Target Support Files/Pods-Todoey/Pods-Todoey-frameworks.sh\"\n";
			showEnvVarsInLog = 0;
		};
		C96FBEDB2532C65E596EA7BF /* [CP] Check Pods Manifest.lock */ = {
			isa = PBXShellScriptBuildPhase;
			buildActionMask = 2147483647;
			files = (
			);
			inputPaths = (
				"${PODS_PODFILE_DIR_PATH}/Podfile.lock",
				"${PODS_ROOT}/Manifest.lock",
			);
			name = "[CP] Check Pods Manifest.lock";
			outputPaths = (
				"$(DERIVED_FILE_DIR)/Pods-Todoey-checkManifestLockResult.txt",
			);
			runOnlyForDeploymentPostprocessing = 0;
			shellPath = /bin/sh;
			shellScript = "diff \"${PODS_PODFILE_DIR_PATH}/Podfile.lock\" \"${PODS_ROOT}/Manifest.lock\" > /dev/null\nif [ $? != 0 ] ; then\n    # print error to STDERR\n    echo \"error: The sandbox is not in sync with the Podfile.lock. Run 'pod install' or update your CocoaPods installation.\" >&2\n    exit 1\nfi\n# This output is used by Xcode 'outputs' to avoid re-running this script phase.\necho \"SUCCESS\" > \"${SCRIPT_OUTPUT_FILE_0}\"\n";
			showEnvVarsInLog = 0;
		};
/* End PBXShellScriptBuildPhase section */

/* Begin PBXSourcesBuildPhase section */
		1C3DF13B20A432F5009F4B08 /* Sources */ = {
			isa = PBXSourcesBuildPhase;
			buildActionMask = 2147483647;
			files = (
				1C1BE92D20AC581C00BAB17B /* TodoListItem.swift in Sources */,
				1C85061820AAF63B00ACCDC1 /* CategoryViewController.swift in Sources */,
				1C3DF14520A432F5009F4B08 /* TodoListViewController.swift in Sources */,
				1C3DF14320A432F5009F4B08 /* AppDelegate.swift in Sources */,
				1C1BE92F20AC582600BAB17B /* Category.swift in Sources */,
			);
			runOnlyForDeploymentPostprocessing = 0;
		};
/* End PBXSourcesBuildPhase section */

/* Begin PBXVariantGroup section */
		1C3DF14620A432F5009F4B08 /* Main.storyboard */ = {
			isa = PBXVariantGroup;
			children = (
				1C3DF14720A432F5009F4B08 /* Base */,
			);
			name = Main.storyboard;
			sourceTree = "<group>";
		};
		1C3DF14B20A432F5009F4B08 /* LaunchScreen.storyboard */ = {
			isa = PBXVariantGroup;
			children = (
				1C3DF14C20A432F5009F4B08 /* Base */,
			);
			name = LaunchScreen.storyboard;
			sourceTree = "<group>";
		};
/* End PBXVariantGroup section */

/* Begin XCBuildConfiguration section */
		1C3DF14F20A432F5009F4B08 /* Debug */ = {
			isa = XCBuildConfiguration;
			buildSettings = {
				ALWAYS_SEARCH_USER_PATHS = NO;
				CLANG_ANALYZER_NONNULL = YES;
				CLANG_ANALYZER_NUMBER_OBJECT_CONVERSION = YES_AGGRESSIVE;
				CLANG_CXX_LANGUAGE_STANDARD = "gnu++14";
				CLANG_CXX_LIBRARY = "libc++";
				CLANG_ENABLE_MODULES = YES;
				CLANG_ENABLE_OBJC_ARC = YES;
				CLANG_WARN_BLOCK_CAPTURE_AUTORELEASING = YES;
				CLANG_WARN_BOOL_CONVERSION = YES;
				CLANG_WARN_COMMA = YES;
				CLANG_WARN_CONSTANT_CONVERSION = YES;
				CLANG_WARN_DIRECT_OBJC_ISA_USAGE = YES_ERROR;
				CLANG_WARN_DOCUMENTATION_COMMENTS = YES;
				CLANG_WARN_EMPTY_BODY = YES;
				CLANG_WARN_ENUM_CONVERSION = YES;
				CLANG_WARN_INFINITE_RECURSION = YES;
				CLANG_WARN_INT_CONVERSION = YES;
				CLANG_WARN_NON_LITERAL_NULL_CONVERSION = YES;
				CLANG_WARN_OBJC_LITERAL_CONVERSION = YES;
				CLANG_WARN_OBJC_ROOT_CLASS = YES_ERROR;
				CLANG_WARN_RANGE_LOOP_ANALYSIS = YES;
				CLANG_WARN_STRICT_PROTOTYPES = YES;
				CLANG_WARN_SUSPICIOUS_MOVE = YES;
				CLANG_WARN_UNGUARDED_AVAILABILITY = YES_AGGRESSIVE;
				CLANG_WARN_UNREACHABLE_CODE = YES;
				CLANG_WARN__DUPLICATE_METHOD_MATCH = YES;
				CODE_SIGN_IDENTITY = "iPhone Developer";
				COPY_PHASE_STRIP = NO;
				DEBUG_INFORMATION_FORMAT = dwarf;
				ENABLE_STRICT_OBJC_MSGSEND = YES;
				ENABLE_TESTABILITY = YES;
				GCC_C_LANGUAGE_STANDARD = gnu11;
				GCC_DYNAMIC_NO_PIC = NO;
				GCC_NO_COMMON_BLOCKS = YES;
				GCC_OPTIMIZATION_LEVEL = 0;
				GCC_PREPROCESSOR_DEFINITIONS = (
					"DEBUG=1",
					"$(inherited)",
				);
				GCC_WARN_64_TO_32_BIT_CONVERSION = YES;
				GCC_WARN_ABOUT_RETURN_TYPE = YES_ERROR;
				GCC_WARN_UNDECLARED_SELECTOR = YES;
				GCC_WARN_UNINITIALIZED_AUTOS = YES_AGGRESSIVE;
				GCC_WARN_UNUSED_FUNCTION = YES;
				GCC_WARN_UNUSED_VARIABLE = YES;
				IPHONEOS_DEPLOYMENT_TARGET = 11.2;
				MTL_ENABLE_DEBUG_INFO = YES;
				ONLY_ACTIVE_ARCH = YES;
				SDKROOT = iphoneos;
				SWIFT_ACTIVE_COMPILATION_CONDITIONS = DEBUG;
				SWIFT_OPTIMIZATION_LEVEL = "-Onone";
			};
			name = Debug;
		};
		1C3DF15020A432F5009F4B08 /* Release */ = {
			isa = XCBuildConfiguration;
			buildSettings = {
				ALWAYS_SEARCH_USER_PATHS = NO;
				CLANG_ANALYZER_NONNULL = YES;
				CLANG_ANALYZER_NUMBER_OBJECT_CONVERSION = YES_AGGRESSIVE;
				CLANG_CXX_LANGUAGE_STANDARD = "gnu++14";
				CLANG_CXX_LIBRARY = "libc++";
				CLANG_ENABLE_MODULES = YES;
				CLANG_ENABLE_OBJC_ARC = YES;
				CLANG_WARN_BLOCK_CAPTURE_AUTORELEASING = YES;
				CLANG_WARN_BOOL_CONVERSION = YES;
				CLANG_WARN_COMMA = YES;
				CLANG_WARN_CONSTANT_CONVERSION = YES;
				CLANG_WARN_DIRECT_OBJC_ISA_USAGE = YES_ERROR;
				CLANG_WARN_DOCUMENTATION_COMMENTS = YES;
				CLANG_WARN_EMPTY_BODY = YES;
				CLANG_WARN_ENUM_CONVERSION = YES;
				CLANG_WARN_INFINITE_RECURSION = YES;
				CLANG_WARN_INT_CONVERSION = YES;
				CLANG_WARN_NON_LITERAL_NULL_CONVERSION = YES;
				CLANG_WARN_OBJC_LITERAL_CONVERSION = YES;
				CLANG_WARN_OBJC_ROOT_CLASS = YES_ERROR;
				CLANG_WARN_RANGE_LOOP_ANALYSIS = YES;
				CLANG_WARN_STRICT_PROTOTYPES = YES;
				CLANG_WARN_SUSPICIOUS_MOVE = YES;
				CLANG_WARN_UNGUARDED_AVAILABILITY = YES_AGGRESSIVE;
				CLANG_WARN_UNREACHABLE_CODE = YES;
				CLANG_WARN__DUPLICATE_METHOD_MATCH = YES;
				CODE_SIGN_IDENTITY = "iPhone Developer";
				COPY_PHASE_STRIP = NO;
				DEBUG_INFORMATION_FORMAT = "dwarf-with-dsym";
				ENABLE_NS_ASSERTIONS = NO;
				ENABLE_STRICT_OBJC_MSGSEND = YES;
				GCC_C_LANGUAGE_STANDARD = gnu11;
				GCC_NO_COMMON_BLOCKS = YES;
				GCC_WARN_64_TO_32_BIT_CONVERSION = YES;
				GCC_WARN_ABOUT_RETURN_TYPE = YES_ERROR;
				GCC_WARN_UNDECLARED_SELECTOR = YES;
				GCC_WARN_UNINITIALIZED_AUTOS = YES_AGGRESSIVE;
				GCC_WARN_UNUSED_FUNCTION = YES;
				GCC_WARN_UNUSED_VARIABLE = YES;
				IPHONEOS_DEPLOYMENT_TARGET = 11.2;
				MTL_ENABLE_DEBUG_INFO = NO;
				SDKROOT = iphoneos;
				SWIFT_OPTIMIZATION_LEVEL = "-Owholemodule";
				VALIDATE_PRODUCT = YES;
			};
			name = Release;
		};
		1C3DF15220A432F5009F4B08 /* Debug */ = {
			isa = XCBuildConfiguration;
			baseConfigurationReference = 3C9EA9869A391DE43BFBCF82 /* Pods-Todoey.debug.xcconfig */;
			buildSettings = {
				ASSETCATALOG_COMPILER_APPICON_NAME = AppIcon;
				CODE_SIGN_STYLE = Automatic;
				DEVELOPMENT_TEAM = M728Z23G88;
				INFOPLIST_FILE = Todoey/Info.plist;
				LD_RUNPATH_SEARCH_PATHS = "$(inherited) @executable_path/Frameworks";
				PRODUCT_BUNDLE_IDENTIFIER = com.matejtaborsky.Todoey;
				PRODUCT_NAME = "$(TARGET_NAME)";
				SWIFT_VERSION = 4.0;
				TARGETED_DEVICE_FAMILY = "1,2";
			};
			name = Debug;
		};
		1C3DF15320A432F5009F4B08 /* Release */ = {
			isa = XCBuildConfiguration;
			baseConfigurationReference = 0DC7403B061D203D5A543FF8 /* Pods-Todoey.release.xcconfig */;
			buildSettings = {
				ASSETCATALOG_COMPILER_APPICON_NAME = AppIcon;
				CODE_SIGN_STYLE = Automatic;
				DEVELOPMENT_TEAM = M728Z23G88;
				INFOPLIST_FILE = Todoey/Info.plist;
				LD_RUNPATH_SEARCH_PATHS = "$(inherited) @executable_path/Frameworks";
				PRODUCT_BUNDLE_IDENTIFIER = com.matejtaborsky.Todoey;
				PRODUCT_NAME = "$(TARGET_NAME)";
				SWIFT_VERSION = 4.0;
				TARGETED_DEVICE_FAMILY = "1,2";
			};
			name = Release;
		};
/* End XCBuildConfiguration section */

/* Begin XCConfigurationList section */
		1C3DF13A20A432F5009F4B08 /* Build configuration list for PBXProject "Todoey" */ = {
			isa = XCConfigurationList;
			buildConfigurations = (
				1C3DF14F20A432F5009F4B08 /* Debug */,
				1C3DF15020A432F5009F4B08 /* Release */,
			);
			defaultConfigurationIsVisible = 0;
			defaultConfigurationName = Release;
		};
		1C3DF15120A432F5009F4B08 /* Build configuration list for PBXNativeTarget "Todoey" */ = {
			isa = XCConfigurationList;
			buildConfigurations = (
				1C3DF15220A432F5009F4B08 /* Debug */,
				1C3DF15320A432F5009F4B08 /* Release */,
			);
			defaultConfigurationIsVisible = 0;
			defaultConfigurationName = Release;
		};
/* End XCConfigurationList section */
	};
	rootObject = 1C3DF13720A432F5009F4B08 /* Project object */;
}
